
Microsoft Visual Studio Solution File, Format Version 12.00
# Visual Studio Version 17
VisualStudioVersion = 17.7.34031.279
MinimumVisualStudioVersion = 10.0.40219.1
Project("{FAE04EC0-301F-11D3-BF4B-00C04F79EFBC}") = "PrimeiroProjeto", "PrimeiroProjeto\PrimeiroProjeto.csproj", "{694E32C6-42B9-44EF-B4AD-6A09152E2083}"
EndProject
Global
	GlobalSection(SolutionConfigurationPlatforms) = preSolution
		Debug|Any CPU = Debug|Any CPU
		Release|Any CPU = Release|Any CPU
	EndGlobalSection
	GlobalSection(ProjectConfigurationPlatforms) = postSolution
		{694E32C6-42B9-44EF-B4AD-6A09152E2083}.Debug|Any CPU.ActiveCfg = Debug|Any CPU
		{694E32C6-42B9-44EF-B4AD-6A09152E2083}.Debug|Any CPU.Build.0 = Debug|Any CPU
		{694E32C6-42B9-44EF-B4AD-6A09152E2083}.Release|Any CPU.ActiveCfg = Release|Any CPU
		{694E32C6-42B9-44EF-B4AD-6A09152E2083}.Release|Any CPU.Build.0 = Release|Any CPU
	EndGlobalSection
	GlobalSection(SolutionProperties) = preSolution
		HideSolutionNode = FALSE
	EndGlobalSection
	GlobalSection(ExtensibilityGlobals) = postSolution
		SolutionGuid = {06824DCA-1160-40BD-905D-8DF8E8F029B7}
	EndGlobalSection
EndGlobal
